
Microsoft Visual Studio Solution File, Format Version 12.00
# Visual Studio Version 17
VisualStudioVersion = 17.12.35527.113
MinimumVisualStudioVersion = 10.0.40219.1
Project("{FAE04EC0-301F-11D3-BF4B-00C04F79EFBC}") = "MarsLogistics", "MarsLogistics.csproj", "{C74EB65E-38CC-4BC4-BD84-A1D45CD38424}"
EndProject
Project("{FAE04EC0-301F-11D3-BF4B-00C04F79EFBC}") = "MarsLogisticsTests", "..\MarsLogisticsTests\MarsLogisticsTests.csproj", "{6DD81E77-CE78-4198-91E4-546E437470A8}"
EndProject
Global
	GlobalSection(SolutionConfigurationPlatforms) = preSolution
		Debug|Any CPU = Debug|Any CPU
		Release|Any CPU = Release|Any CPU
	EndGlobalSection
	GlobalSection(ProjectConfigurationPlatforms) = postSolution
		{C74EB65E-38CC-4BC4-BD84-A1D45CD38424}.Debug|Any CPU.ActiveCfg = Debug|Any CPU
		{C74EB65E-38CC-4BC4-BD84-A1D45CD38424}.Debug|Any CPU.Build.0 = Debug|Any CPU
		{C74EB65E-38CC-4BC4-BD84-A1D45CD38424}.Release|Any CPU.ActiveCfg = Release|Any CPU
		{C74EB65E-38CC-4BC4-BD84-A1D45CD38424}.Release|Any CPU.Build.0 = Release|Any CPU
		{6DD81E77-CE78-4198-91E4-546E437470A8}.Debug|Any CPU.ActiveCfg = Debug|Any CPU
		{6DD81E77-CE78-4198-91E4-546E437470A8}.Debug|Any CPU.Build.0 = Debug|Any CPU
		{6DD81E77-CE78-4198-91E4-546E437470A8}.Release|Any CPU.ActiveCfg = Release|Any CPU
		{6DD81E77-CE78-4198-91E4-546E437470A8}.Release|Any CPU.Build.0 = Release|Any CPU
	EndGlobalSection
	GlobalSection(SolutionProperties) = preSolution
		HideSolutionNode = FALSE
	EndGlobalSection
EndGlobal
